<?xml version="1.0" encoding="utf-8"?>
<Project ToolsVersion="4.0" xmlns="http://schemas.microsoft.com/developer/msbuild/2003">
  <ItemGroup>
    <Filter Include="src">
      <UniqueIdentifier>{a3e1b387-3786-49a9-9ef8-6201459a539c}</UniqueIdentifier>
    </Filter>
    <Filter Include="src\utility">
      <UniqueIdentifier>{1edc2fc2-7426-4d47-a43a-b5409ac8339a}</UniqueIdentifier>
    </Filter>
    <Filter Include="src\shape">
      <UniqueIdentifier>{d0eb2b0b-2b22-4e0d-8bec-c1143da399c6}</UniqueIdentifier>
    </Filter>
    <Filter Include="src\shader">
      <UniqueIdentifier>{f385602e-34aa-43ad-b495-f72e66e29048}</UniqueIdentifier>
    </Filter>
    <Filter Include="src\math">
      <UniqueIdentifier>{0efbf0fd-2c5b-490d-a1bc-a595215d8b42}</UniqueIdentifier>
    </Filter>
    <Filter Include="src\application">
      <UniqueIdentifier>{95d27670-c868-471d-aa05-b1945397f57e}</UniqueIdentifier>
    </Filter>
  </ItemGroup>
  <ItemGroup>
    <ClCompile Include="src\main.cpp">
      <Filter>src</Filter>
    </ClCompile>
    <ClCompile Include="src\shape\Shape.cpp">
      <Filter>src\shape</Filter>
    </ClCompile>
    <ClCompile Include="src\shader\Shader.cpp">
      <Filter>src\shader</Filter>
    </ClCompile>
    <ClCompile Include="src\math\Math.cpp">
      <Filter>src\math</Filter>
    </ClCompile>
    <ClCompile Include="src\application\Application.cpp">
      <Filter>src\application</Filter>
    </ClCompile>
    <ClCompile Include="src\math\FillingAlgorithm.cpp">
      <Filter>src\math</Filter>
    </ClCompile>
  </ItemGroup>
  <ItemGroup>
    <ClInclude Include="src\utility\utils.h">
      <Filter>src\utility</Filter>
    </ClInclude>
    <ClInclude Include="src\shape\Shape.h">
      <Filter>src\shape</Filter>
    </ClInclude>
    <ClInclude Include="src\shader\Shader.h">
      <Filter>src\shader</Filter>
    </ClInclude>
    <ClInclude Include="src\math\Math.h">
      <Filter>src\math</Filter>
    </ClInclude>
    <ClInclude Include="src\application\Application.h">
      <Filter>src\application</Filter>
    </ClInclude>
    <ClInclude Include="src\math\FillingAlgorithm.h">
      <Filter>src\math</Filter>
    </ClInclude>
  </ItemGroup>
</Project>